// !$*UTF8*$!
{
	archiveVersion = 1;
	classes = {
	};
	objectVersion = 46;
	objects = {

/* Begin PBXBuildFile section */
		84E1B20B1B6AAA1A00AEB948 /* main.m in Sources */ = {isa = PBXBuildFile; fileRef = 84E1B20A1B6AAA1A00AEB948 /* main.m */; };
		84E1B20E1B6AAA1A00AEB948 /* AppDelegate.m in Sources */ = {isa = PBXBuildFile; fileRef = 84E1B20D1B6AAA1A00AEB948 /* AppDelegate.m */; };
		84E1B2111B6AAA1A00AEB948 /* ViewController.m in Sources */ = {isa = PBXBuildFile; fileRef = 84E1B2101B6AAA1A00AEB948 /* ViewController.m */; };
		84E1B2141B6AAA1A00AEB948 /* Main.storyboard in Resources */ = {isa = PBXBuildFile; fileRef = 84E1B2121B6AAA1A00AEB948 /* Main.storyboard */; };
		84E1B2161B6AAA1A00AEB948 /* Images.xcassets in Resources */ = {isa = PBXBuildFile; fileRef = 84E1B2151B6AAA1A00AEB948 /* Images.xcassets */; };
		84E1B2191B6AAA1A00AEB948 /* LaunchScreen.xib in Resources */ = {isa = PBXBuildFile; fileRef = 84E1B2171B6AAA1A00AEB948 /* LaunchScreen.xib */; };
		84E1B2251B6AAA1B00AEB948 /* Tutorial_48Tests.m in Sources */ = {isa = PBXBuildFile; fileRef = 84E1B2241B6AAA1B00AEB948 /* Tutorial_48Tests.m */; };
		84E1B22F1B6AAC5E00AEB948 /* Podfile in Resources */ = {isa = PBXBuildFile; fileRef = 84E1B22E1B6AAC5E00AEB948 /* Podfile */; };
		B84D383B1A7C473504328FAB /* libPods.a in Frameworks */ = {isa = PBXBuildFile; fileRef = D535F18337C08C670E25A356 /* libPods.a */; };
/* End PBXBuildFile section */

/* Begin PBXContainerItemProxy section */
		84E1B21F1B6AAA1B00AEB948 /* PBXContainerItemProxy */ = {
			isa = PBXContainerItemProxy;
			containerPortal = 84E1B1FD1B6AAA1A00AEB948 /* Project object */;
			proxyType = 1;
			remoteGlobalIDString = 84E1B2041B6AAA1A00AEB948;
			remoteInfo = Tutorial_48;
		};
/* End PBXContainerItemProxy section */

/* Begin PBXFileReference section */
		84E1B2051B6AAA1A00AEB948 /* Tutorial_48.app */ = {isa = PBXFileReference; explicitFileType = wrapper.application; includeInIndex = 0; path = Tutorial_48.app; sourceTree = BUILT_PRODUCTS_DIR; };
		84E1B2091B6AAA1A00AEB948 /* Info.plist */ = {isa = PBXFileReference; lastKnownFileType = text.plist.xml; path = Info.plist; sourceTree = "<group>"; };
		84E1B20A1B6AAA1A00AEB948 /* main.m */ = {isa = PBXFileReference; lastKnownFileType = sourcecode.c.objc; path = main.m; sourceTree = "<group>"; };
		84E1B20C1B6AAA1A00AEB948 /* AppDelegate.h */ = {isa = PBXFileReference; lastKnownFileType = sourcecode.c.h; path = AppDelegate.h; sourceTree = "<group>"; };
		84E1B20D1B6AAA1A00AEB948 /* AppDelegate.m */ = {isa = PBXFileReference; lastKnownFileType = sourcecode.c.objc; path = AppDelegate.m; sourceTree = "<group>"; };
		84E1B20F1B6AAA1A00AEB948 /* ViewController.h */ = {isa = PBXFileReference; lastKnownFileType = sourcecode.c.h; path = ViewController.h; sourceTree = "<group>"; };
		84E1B2101B6AAA1A00AEB948 /* ViewController.m */ = {isa = PBXFileReference; lastKnownFileType = sourcecode.c.objc; path = ViewController.m; sourceTree = "<group>"; };
		84E1B2131B6AAA1A00AEB948 /* Base */ = {isa = PBXFileReference; lastKnownFileType = file.storyboard; name = Base; path = Base.lproj/Main.storyboard; sourceTree = "<group>"; };
		84E1B2151B6AAA1A00AEB948 /* Images.xcassets */ = {isa = PBXFileReference; lastKnownFileType = folder.assetcatalog; path = Images.xcassets; sourceTree = "<group>"; };
		84E1B2181B6AAA1A00AEB948 /* Base */ = {isa = PBXFileReference; lastKnownFileType = file.xib; name = Base; path = Base.lproj/LaunchScreen.xib; sourceTree = "<group>"; };
		84E1B21E1B6AAA1B00AEB948 /* Tutorial_48Tests.xctest */ = {isa = PBXFileReference; explicitFileType = wrapper.cfbundle; includeInIndex = 0; path = Tutorial_48Tests.xctest; sourceTree = BUILT_PRODUCTS_DIR; };
		84E1B2231B6AAA1B00AEB948 /* Info.plist */ = {isa = PBXFileReference; lastKnownFileType = text.plist.xml; path = Info.plist; sourceTree = "<group>"; };
		84E1B2241B6AAA1B00AEB948 /* Tutorial_48Tests.m */ = {isa = PBXFileReference; lastKnownFileType = sourcecode.c.objc; path = Tutorial_48Tests.m; sourceTree = "<group>"; };
		84E1B22E1B6AAC5E00AEB948 /* Podfile */ = {isa = PBXFileReference; fileEncoding = 4; lastKnownFileType = text; path = Podfile; sourceTree = "<group>"; };
		BC0E04F20FC153CA7BDA28D7 /* Pods.release.xcconfig */ = {isa = PBXFileReference; includeInIndex = 1; lastKnownFileType = text.xcconfig; name = Pods.release.xcconfig; path = "Pods/Target Support Files/Pods/Pods.release.xcconfig"; sourceTree = "<group>"; };
		D535F18337C08C670E25A356 /* libPods.a */ = {isa = PBXFileReference; explicitFileType = archive.ar; includeInIndex = 0; path = libPods.a; sourceTree = BUILT_PRODUCTS_DIR; };
		E83995251102316C6EF07A07 /* Pods.debug.xcconfig */ = {isa = PBXFileReference; includeInIndex = 1; lastKnownFileType = text.xcconfig; name = Pods.debug.xcconfig; path = "Pods/Target Support Files/Pods/Pods.debug.xcconfig"; sourceTree = "<group>"; };
/* End PBXFileReference section */

/* Begin PBXFrameworksBuildPhase section */
		84E1B2021B6AAA1A00AEB948 /* Frameworks */ = {
			isa = PBXFrameworksBuildPhase;
			buildActionMask = 2147483647;
			files = (
				B84D383B1A7C473504328FAB /* libPods.a in Frameworks */,
			);
			runOnlyForDeploymentPostprocessing = 0;
		};
		84E1B21B1B6AAA1B00AEB948 /* Frameworks */ = {
			isa = PBXFrameworksBuildPhase;
			buildActionMask = 2147483647;
			files = (
			);
			runOnlyForDeploymentPostprocessing = 0;
		};
/* End PBXFrameworksBuildPhase section */

/* Begin PBXGroup section */
		43F4B84FD4C7CA0AD4489F87 /* Pods */ = {
			isa = PBXGroup;
			children = (
				E83995251102316C6EF07A07 /* Pods.debug.xcconfig */,
				BC0E04F20FC153CA7BDA28D7 /* Pods.release.xcconfig */,
			);
			name = Pods;
			sourceTree = "<group>";
		};
		64D4F003F07F6BF7707A98AD /* Frameworks */ = {
			isa = PBXGroup;
			children = (
				D535F18337C08C670E25A356 /* libPods.a */,
			);
			name = Frameworks;
			sourceTree = "<group>";
		};
		84E1B1FC1B6AAA1A00AEB948 = {
			isa = PBXGroup;
			children = (
				84E1B2071B6AAA1A00AEB948 /* Tutorial_48 */,
				84E1B2211B6AAA1B00AEB948 /* Tutorial_48Tests */,
				84E1B2061B6AAA1A00AEB948 /* Products */,
				43F4B84FD4C7CA0AD4489F87 /* Pods */,
				64D4F003F07F6BF7707A98AD /* Frameworks */,
			);
			sourceTree = "<group>";
		};
		84E1B2061B6AAA1A00AEB948 /* Products */ = {
			isa = PBXGroup;
			children = (
				84E1B2051B6AAA1A00AEB948 /* Tutorial_48.app */,
				84E1B21E1B6AAA1B00AEB948 /* Tutorial_48Tests.xctest */,
			);
			name = Products;
			sourceTree = "<group>";
		};
		84E1B2071B6AAA1A00AEB948 /* Tutorial_48 */ = {
			isa = PBXGroup;
			children = (
				84E1B22E1B6AAC5E00AEB948 /* Podfile */,
				84E1B20C1B6AAA1A00AEB948 /* AppDelegate.h */,
				84E1B20D1B6AAA1A00AEB948 /* AppDelegate.m */,
				84E1B20F1B6AAA1A00AEB948 /* ViewController.h */,
				84E1B2101B6AAA1A00AEB948 /* ViewController.m */,
				84E1B2121B6AAA1A00AEB948 /* Main.storyboard */,
				84E1B2151B6AAA1A00AEB948 /* Images.xcassets */,
				84E1B2171B6AAA1A00AEB948 /* LaunchScreen.xib */,
				84E1B2081B6AAA1A00AEB948 /* Supporting Files */,
			);
			path = Tutorial_48;
			sourceTree = "<group>";
		};
		84E1B2081B6AAA1A00AEB948 /* Supporting Files */ = {
			isa = PBXGroup;
			children = (
				84E1B2091B6AAA1A00AEB948 /* Info.plist */,
				84E1B20A1B6AAA1A00AEB948 /* main.m */,
			);
			name = "Supporting Files";
			sourceTree = "<group>";
		};
		84E1B2211B6AAA1B00AEB948 /* Tutorial_48Tests */ = {
			isa = PBXGroup;
			children = (
				84E1B2241B6AAA1B00AEB948 /* Tutorial_48Tests.m */,
				84E1B2221B6AAA1B00AEB948 /* Supporting Files */,
			);
			path = Tutorial_48Tests;
			sourceTree = "<group>";
		};
		84E1B2221B6AAA1B00AEB948 /* Supporting Files */ = {
			isa = PBXGroup;
			children = (
				84E1B2231B6AAA1B00AEB948 /* Info.plist */,
			);
			name = "Supporting Files";
			sourceTree = "<group>";
		};
/* End PBXGroup section */

/* Begin PBXNativeTarget section */
		84E1B2041B6AAA1A00AEB948 /* Tutorial_48 */ = {
			isa = PBXNativeTarget;
			buildConfigurationList = 84E1B2281B6AAA1B00AEB948 /* Build configuration list for PBXNativeTarget "Tutorial_48" */;
			buildPhases = (
				3A2D6A9C0F59089945F6CF17 /* Check Pods Manifest.lock */,
				84E1B2011B6AAA1A00AEB948 /* Sources */,
				84E1B2021B6AAA1A00AEB948 /* Frameworks */,
				84E1B2031B6AAA1A00AEB948 /* Resources */,
				6613DC6126E9312D176E794B /* Copy Pods Resources */,
			);
			buildRules = (
			);
			dependencies = (
			);
			name = Tutorial_48;
			productName = Tutorial_48;
			productReference = 84E1B2051B6AAA1A00AEB948 /* Tutorial_48.app */;
			productType = "com.apple.product-type.application";
		};
		84E1B21D1B6AAA1B00AEB948 /* Tutorial_48Tests */ = {
			isa = PBXNativeTarget;
			buildConfigurationList = 84E1B22B1B6AAA1B00AEB948 /* Build configuration list for PBXNativeTarget "Tutorial_48Tests" */;
			buildPhases = (
				84E1B21A1B6AAA1B00AEB948 /* Sources */,
				84E1B21B1B6AAA1B00AEB948 /* Frameworks */,
				84E1B21C1B6AAA1B00AEB948 /* Resources */,
			);
			buildRules = (
			);
			dependencies = (
				84E1B2201B6AAA1B00AEB948 /* PBXTargetDependency */,
			);
			name = Tutorial_48Tests;
			productName = Tutorial_48Tests;
			productReference = 84E1B21E1B6AAA1B00AEB948 /* Tutorial_48Tests.xctest */;
			productType = "com.apple.product-type.bundle.unit-test";
		};
/* End PBXNativeTarget section */

/* Begin PBXProject section */
		84E1B1FD1B6AAA1A00AEB948 /* Project object */ = {
			isa = PBXProject;
			attributes = {
				LastUpgradeCheck = 0640;
				ORGANIZATIONNAME = Admin;
				TargetAttributes = {
					84E1B2041B6AAA1A00AEB948 = {
						CreatedOnToolsVersion = 6.4;
					};
					84E1B21D1B6AAA1B00AEB948 = {
						CreatedOnToolsVersion = 6.4;
						TestTargetID = 84E1B2041B6AAA1A00AEB948;
					};
				};
			};
			buildConfigurationList = 84E1B2001B6AAA1A00AEB948 /* Build configuration list for PBXProject "Tutorial_48" */;
			compatibilityVersion = "Xcode 3.2";
			developmentRegion = English;
			hasScannedForEncodings = 0;
			knownRegions = (
				en,
				Base,
			);
			mainGroup = 84E1B1FC1B6AAA1A00AEB948;
			productRefGroup = 84E1B2061B6AAA1A00AEB948 /* Products */;
			projectDirPath = "";
			projectRoot = "";
			targets = (
				84E1B2041B6AAA1A00AEB948 /* Tutorial_48 */,
				84E1B21D1B6AAA1B00AEB948 /* Tutorial_48Tests */,
			);
		};
/* End PBXProject section */

/* Begin PBXResourcesBuildPhase section */
		84E1B2031B6AAA1A00AEB948 /* Resources */ = {
			isa = PBXResourcesBuildPhase;
			buildActionMask = 2147483647;
			files = (
				84E1B2141B6AAA1A00AEB948 /* Main.storyboard in Resources */,
				84E1B2191B6AAA1A00AEB948 /* LaunchScreen.xib in Resources */,
				84E1B22F1B6AAC5E00AEB948 /* Podfile in Resources */,
				84E1B2161B6AAA1A00AEB948 /* Images.xcassets in Resources */,
			);
			runOnlyForDeploymentPostprocessing = 0;
		};
		84E1B21C1B6AAA1B00AEB948 /* Resources */ = {
			isa = PBXResourcesBuildPhase;
			buildActionMask = 2147483647;
			files = (
			);
			runOnlyForDeploymentPostprocessing = 0;
		};
/* End PBXResourcesBuildPhase section */

/* Begin PBXShellScriptBuildPhase section */
		3A2D6A9C0F59089945F6CF17 /* Check Pods Manifest.lock */ = {
			isa = PBXShellScriptBuildPhase;
			buildActionMask = 2147483647;
			files = (
			);
			inputPaths = (
			);
			name = "Check Pods Manifest.lock";
			outputPaths = (
			);
			runOnlyForDeploymentPostprocessing = 0;
			shellPath = /bin/sh;
			shellScript = "diff \"${PODS_ROOT}/../Podfile.lock\" \"${PODS_ROOT}/Manifest.lock\" > /dev/null\nif [[ $? != 0 ]] ; then\n    cat << EOM\nerror: The sandbox is not in sync with the Podfile.lock. Run 'pod install' or update your CocoaPods installation.\nEOM\n    exit 1\nfi\n";
			showEnvVarsInLog = 0;
		};
		6613DC6126E9312D176E794B /* Copy Pods Resources */ = {
			isa = PBXShellScriptBuildPhase;
			buildActionMask = 2147483647;
			files = (
			);
			inputPaths = (
			);
			name = "Copy Pods Resources";
			outputPaths = (
			);
			runOnlyForDeploymentPostprocessing = 0;
			shellPath = /bin/sh;
			shellScript = "\"${SRCROOT}/Pods/Target Support Files/Pods/Pods-resources.sh\"\n";
			showEnvVarsInLog = 0;
		};
/* End PBXShellScriptBuildPhase section */

/* Begin PBXSourcesBuildPhase section */
		84E1B2011B6AAA1A00AEB948 /* Sources */ = {
			isa = PBXSourcesBuildPhase;
			buildActionMask = 2147483647;
			files = (
				84E1B2111B6AAA1A00AEB948 /* ViewController.m in Sources */,
				84E1B20E1B6AAA1A00AEB948 /* AppDelegate.m in Sources */,
				84E1B20B1B6AAA1A00AEB948 /* main.m in Sources */,
			);
			runOnlyForDeploymentPostprocessing = 0;
		};
		84E1B21A1B6AAA1B00AEB948 /* Sources */ = {
			isa = PBXSourcesBuildPhase;
			buildActionMask = 2147483647;
			files = (
				84E1B2251B6AAA1B00AEB948 /* Tutorial_48Tests.m in Sources */,
			);
			runOnlyForDeploymentPostprocessing = 0;
		};
/* End PBXSourcesBuildPhase section */

/* Begin PBXTargetDependency section */
		84E1B2201B6AAA1B00AEB948 /* PBXTargetDependency */ = {
			isa = PBXTargetDependency;
			target = 84E1B2041B6AAA1A00AEB948 /* Tutorial_48 */;
			targetProxy = 84E1B21F1B6AAA1B00AEB948 /* PBXContainerItemProxy */;
		};
/* End PBXTargetDependency section */

/* Begin PBXVariantGroup section */
		84E1B2121B6AAA1A00AEB948 /* Main.storyboard */ = {
			isa = PBXVariantGroup;
			children = (
				84E1B2131B6AAA1A00AEB948 /* Base */,
			);
			name = Main.storyboard;
			sourceTree = "<group>";
		};
		84E1B2171B6AAA1A00AEB948 /* LaunchScreen.xib */ = {
			isa = PBXVariantGroup;
			children = (
				84E1B2181B6AAA1A00AEB948 /* Base */,
			);
			name = LaunchScreen.xib;
			sourceTree = "<group>";
		};
/* End PBXVariantGroup section */

/* Begin XCBuildConfiguration section */
		84E1B2261B6AAA1B00AEB948 /* Debug */ = {
			isa = XCBuildConfiguration;
			buildSettings = {
				ALWAYS_SEARCH_USER_PATHS = NO;
				CLANG_CXX_LANGUAGE_STANDARD = "gnu++0x";
				CLANG_CXX_LIBRARY = "libc++";
				CLANG_ENABLE_MODULES = YES;
				CLANG_ENABLE_OBJC_ARC = YES;
				CLANG_WARN_BOOL_CONVERSION = YES;
				CLANG_WARN_CONSTANT_CONVERSION = YES;
				CLANG_WARN_DIRECT_OBJC_ISA_USAGE = YES_ERROR;
				CLANG_WARN_EMPTY_BODY = YES;
				CLANG_WARN_ENUM_CONVERSION = YES;
				CLANG_WARN_INT_CONVERSION = YES;
				CLANG_WARN_OBJC_ROOT_CLASS = YES_ERROR;
				CLANG_WARN_UNREACHABLE_CODE = YES;
				CLANG_WARN__DUPLICATE_METHOD_MATCH = YES;
				"CODE_SIGN_IDENTITY[sdk=iphoneos*]" = "iPhone Developer";
				COPY_PHASE_STRIP = NO;
				DEBUG_INFORMATION_FORMAT = "dwarf-with-dsym";
				ENABLE_STRICT_OBJC_MSGSEND = YES;
				GCC_C_LANGUAGE_STANDARD = gnu99;
				GCC_DYNAMIC_NO_PIC = NO;
				GCC_NO_COMMON_BLOCKS = YES;
				GCC_OPTIMIZATION_LEVEL = 0;
				GCC_PREPROCESSOR_DEFINITIONS = (
					"DEBUG=1",
					"$(inherited)",
				);
				GCC_SYMBOLS_PRIVATE_EXTERN = NO;
				GCC_WARN_64_TO_32_BIT_CONVERSION = YES;
				GCC_WARN_ABOUT_RETURN_TYPE = YES_ERROR;
				GCC_WARN_UNDECLARED_SELECTOR = YES;
				GCC_WARN_UNINITIALIZED_AUTOS = YES_AGGRESSIVE;
				GCC_WARN_UNUSED_FUNCTION = YES;
				GCC_WARN_UNUSED_VARIABLE = YES;
				IPHONEOS_DEPLOYMENT_TARGET = 8.4;
				MTL_ENABLE_DEBUG_INFO = YES;
				ONLY_ACTIVE_ARCH = YES;
				SDKROOT = iphoneos;
			};
			name = Debug;
		};
		84E1B2271B6AAA1B00AEB948 /* Release */ = {
			isa = XCBuildConfiguration;
			buildSettings = {
				ALWAYS_SEARCH_USER_PATHS = NO;
				CLANG_CXX_LANGUAGE_STANDARD = "gnu++0x";
				CLANG_CXX_LIBRARY = "libc++";
				CLANG_ENABLE_MODULES = YES;
				CLANG_ENABLE_OBJC_ARC = YES;
				CLANG_WARN_BOOL_CONVERSION = YES;
				CLANG_WARN_CONSTANT_CONVERSION = YES;
				CLANG_WARN_DIRECT_OBJC_ISA_USAGE = YES_ERROR;
				CLANG_WARN_EMPTY_BODY = YES;
				CLANG_WARN_ENUM_CONVERSION = YES;
				CLANG_WARN_INT_CONVERSION = YES;
				CLANG_WARN_OBJC_ROOT_CLASS = YES_ERROR;
				CLANG_WARN_UNREACHABLE_CODE = YES;
				CLANG_WARN__DUPLICATE_METHOD_MATCH = YES;
				"CODE_SIGN_IDENTITY[sdk=iphoneos*]" = "iPhone Developer";
				COPY_PHASE_STRIP = NO;
				DEBUG_INFORMATION_FORMAT = "dwarf-with-dsym";
				ENABLE_NS_ASSERTIONS = NO;
				ENABLE_STRICT_OBJC_MSGSEND = YES;
				GCC_C_LANGUAGE_STANDARD = gnu99;
				GCC_NO_COMMON_BLOCKS = YES;
				GCC_WARN_64_TO_32_BIT_CONVERSION = YES;
				GCC_WARN_ABOUT_RETURN_TYPE = YES_ERROR;
				GCC_WARN_UNDECLARED_SELECTOR = YES;
				GCC_WARN_UNINITIALIZED_AUTOS = YES_AGGRESSIVE;
				GCC_WARN_UNUSED_FUNCTION = YES;
				GCC_WARN_UNUSED_VARIABLE = YES;
				IPHONEOS_DEPLOYMENT_TARGET = 8.4;
				MTL_ENABLE_DEBUG_INFO = NO;
				SDKROOT = iphoneos;
				VALIDATE_PRODUCT = YES;
			};
			name = Release;
		};
		84E1B2291B6AAA1B00AEB948 /* Debug */ = {
			isa = XCBuildConfiguration;
			baseConfigurationReference = E83995251102316C6EF07A07 /* Pods.debug.xcconfig */;
			buildSettings = {
				ASSETCATALOG_COMPILER_APPICON_NAME = AppIcon;
				INFOPLIST_FILE = Tutorial_48/Info.plist;
				LD_RUNPATH_SEARCH_PATHS = "$(inherited) @executable_path/Frameworks";
				PRODUCT_NAME = "$(TARGET_NAME)";
			};
			name = Debug;
		};
		84E1B22A1B6AAA1B00AEB948 /* Release */ = {
			isa = XCBuildConfiguration;
			baseConfigurationReference = BC0E04F20FC153CA7BDA28D7 /* Pods.release.xcconfig */;
			buildSettings = {
				ASSETCATALOG_COMPILER_APPICON_NAME = AppIcon;
				INFOPLIST_FILE = Tutorial_48/Info.plist;
				LD_RUNPATH_SEARCH_PATHS = "$(inherited) @executable_path/Frameworks";
				PRODUCT_NAME = "$(TARGET_NAME)";
			};
			name = Release;
		};
		84E1B22C1B6AAA1B00AEB948 /* Debug */ = {
			isa = XCBuildConfiguration;
			buildSettings = {
				BUNDLE_LOADER = "$(TEST_HOST)";
				FRAMEWORK_SEARCH_PATHS = (
					"$(SDKROOT)/Developer/Library/Frameworks",
					"$(inherited)",
				);
				GCC_PREPROCESSOR_DEFINITIONS = (
					"DEBUG=1",
					"$(inherited)",
				);
				INFOPLIST_FILE = Tutorial_48Tests/Info.plist;
				LD_RUNPATH_SEARCH_PATHS = "$(inherited) @executable_path/Frameworks @loader_path/Frameworks";
				PRODUCT_NAME = "$(TARGET_NAME)";
				TEST_HOST = "$(BUILT_PRODUCTS_DIR)/Tutorial_48.app/Tutorial_48";
			};
			name = Debug;
		};
		84E1B22D1B6AAA1B00AEB948 /* Release */ = {
			isa = XCBuildConfiguration;
			buildSettings = {
				BUNDLE_LOADER = "$(TEST_HOST)";
				FRAMEWORK_SEARCH_PATHS = (
					"$(SDKROOT)/Developer/Library/Frameworks",
					"$(inherited)",
				);
				INFOPLIST_FILE = Tutorial_48Tests/Info.plist;
				LD_RUNPATH_SEARCH_PATHS = "$(inherited) @executable_path/Frameworks @loader_path/Frameworks";
				PRODUCT_NAME = "$(TARGET_NAME)";
				TEST_HOST = "$(BUILT_PRODUCTS_DIR)/Tutorial_48.app/Tutorial_48";
			};
			name = Release;
		};
/* End XCBuildConfiguration section */

/* Begin XCConfigurationList section */
		84E1B2001B6AAA1A00AEB948 /* Build configuration list for PBXProject "Tutorial_48" */ = {
			isa = XCConfigurationList;
			buildConfigurations = (
				84E1B2261B6AAA1B00AEB948 /* Debug */,
				84E1B2271B6AAA1B00AEB948 /* Release */,
			);
			defaultConfigurationIsVisible = 0;
			defaultConfigurationName = Release;
		};
		84E1B2281B6AAA1B00AEB948 /* Build configuration list for PBXNativeTarget "Tutorial_48" */ = {
			isa = XCConfigurationList;
			buildConfigurations = (
				84E1B2291B6AAA1B00AEB948 /* Debug */,
				84E1B22A1B6AAA1B00AEB948 /* Release */,
			);
			defaultConfigurationIsVisible = 0;
			defaultConfigurationName = Release;
		};
		84E1B22B1B6AAA1B00AEB948 /* Build configuration list for PBXNativeTarget "Tutorial_48Tests" */ = {
			isa = XCConfigurationList;
			buildConfigurations = (
				84E1B22C1B6AAA1B00AEB948 /* Debug */,
				84E1B22D1B6AAA1B00AEB948 /* Release */,
			);
			defaultConfigurationIsVisible = 0;
			defaultConfigurationName = Release;
		};
/* End XCConfigurationList section */
	};
	rootObject = 84E1B1FD1B6AAA1A00AEB948 /* Project object */;
}
